
Microsoft Visual Studio Solution File, Format Version 12.00
# Visual Studio 2017
Project("{FAE04EC0-301F-11D3-BF4B-00C04F79EFBC}") = "ProjectBattleRite.Plugins", "ProjectBattleRite.Plugins.csproj", "{9A45483C-3424-457D-BAE5-5334DD2AC9C2}"
EndProject
Project("{FAE04EC0-301F-11D3-BF4B-00C04F79EFBC}") = "ProjectBattleRite", "ProjectBattleRite.csproj", "{00B432CC-2D2E-ADC3-DADC-771D3D83D4BD}"
EndProject
Project("{FAE04EC0-301F-11D3-BF4B-00C04F79EFBC}") = "ProjectBattleRite.Editor", "ProjectBattleRite.Editor.csproj", "{61CC8B58-6E5E-6F83-EBAB-ACEA4E436ADC}"
EndProject
Global
	GlobalSection(SolutionConfigurationPlatforms) = preSolution
		Debug|Any CPU = Debug|Any CPU
		Release|Any CPU = Release|Any CPU
	EndGlobalSection
	GlobalSection(ProjectConfigurationPlatforms) = postSolution
		{9A45483C-3424-457D-BAE5-5334DD2AC9C2}.Debug|Any CPU.ActiveCfg = Debug|Any CPU
		{9A45483C-3424-457D-BAE5-5334DD2AC9C2}.Debug|Any CPU.Build.0 = Debug|Any CPU
		{9A45483C-3424-457D-BAE5-5334DD2AC9C2}.Release|Any CPU.ActiveCfg = Release|Any CPU
		{9A45483C-3424-457D-BAE5-5334DD2AC9C2}.Release|Any CPU.Build.0 = Release|Any CPU
		{00B432CC-2D2E-ADC3-DADC-771D3D83D4BD}.Debug|Any CPU.ActiveCfg = Debug|Any CPU
		{00B432CC-2D2E-ADC3-DADC-771D3D83D4BD}.Debug|Any CPU.Build.0 = Debug|Any CPU
		{00B432CC-2D2E-ADC3-DADC-771D3D83D4BD}.Release|Any CPU.ActiveCfg = Release|Any CPU
		{00B432CC-2D2E-ADC3-DADC-771D3D83D4BD}.Release|Any CPU.Build.0 = Release|Any CPU
		{61CC8B58-6E5E-6F83-EBAB-ACEA4E436ADC}.Debug|Any CPU.ActiveCfg = Debug|Any CPU
		{61CC8B58-6E5E-6F83-EBAB-ACEA4E436ADC}.Debug|Any CPU.Build.0 = Debug|Any CPU
		{61CC8B58-6E5E-6F83-EBAB-ACEA4E436ADC}.Release|Any CPU.ActiveCfg = Release|Any CPU
		{61CC8B58-6E5E-6F83-EBAB-ACEA4E436ADC}.Release|Any CPU.Build.0 = Release|Any CPU
	EndGlobalSection
	GlobalSection(SolutionProperties) = preSolution
		HideSolutionNode = FALSE
	EndGlobalSection
EndGlobal
